// !$*UTF8*$!
{
	archiveVersion = 1;
	classes = {
	};
	objectVersion = 51;
	objects = {

/* Begin PBXBuildFile section */
		ED3DEB522451ADB900B349B9 /* String+CryptHelper.swift in Sources */ = {isa = PBXBuildFile; fileRef = ED3DEB512451ADB900B349B9 /* String+CryptHelper.swift */; };
		ED3DEB552451BBF500B349B9 /* Models.swift in Sources */ = {isa = PBXBuildFile; fileRef = ED3DEB542451BBF500B349B9 /* Models.swift */; };
		ED3DEB572451CD8A00B349B9 /* ListCharactersPresenter.swift in Sources */ = {isa = PBXBuildFile; fileRef = ED3DEB562451CD8A00B349B9 /* ListCharactersPresenter.swift */; };
		ED3DEB592451D52500B349B9 /* CharactersListCell.xib in Resources */ = {isa = PBXBuildFile; fileRef = ED3DEB582451D52500B349B9 /* CharactersListCell.xib */; };
		ED3DEB5E2451EE9900B349B9 /* DetailsCharacterViewController.swift in Sources */ = {isa = PBXBuildFile; fileRef = ED3DEB5D2451EE9900B349B9 /* DetailsCharacterViewController.swift */; };
		ED3DEB602451EEA500B349B9 /* DetailsCharacterInteractor.swift in Sources */ = {isa = PBXBuildFile; fileRef = ED3DEB5F2451EEA500B349B9 /* DetailsCharacterInteractor.swift */; };
		ED3DEB622451EEB500B349B9 /* DetailsCharacterPresenter.swift in Sources */ = {isa = PBXBuildFile; fileRef = ED3DEB612451EEB500B349B9 /* DetailsCharacterPresenter.swift */; };
		ED3DEB642451EED100B349B9 /* DetailsCharacter.xib in Resources */ = {isa = PBXBuildFile; fileRef = ED3DEB632451EED100B349B9 /* DetailsCharacter.xib */; };
		ED6F61332450FCF90047DE9B /* AppDelegate.swift in Sources */ = {isa = PBXBuildFile; fileRef = ED6F61322450FCF90047DE9B /* AppDelegate.swift */; };
		ED6F613C2450FCFA0047DE9B /* Assets.xcassets in Resources */ = {isa = PBXBuildFile; fileRef = ED6F613B2450FCFA0047DE9B /* Assets.xcassets */; };
		ED6F613F2450FCFA0047DE9B /* LaunchScreen.storyboard in Resources */ = {isa = PBXBuildFile; fileRef = ED6F613D2450FCFA0047DE9B /* LaunchScreen.storyboard */; };
		ED6F61482450FFF60047DE9B /* ListCharactersViewController.swift in Sources */ = {isa = PBXBuildFile; fileRef = ED6F61472450FFF60047DE9B /* ListCharactersViewController.swift */; };
		ED6F614A2451000D0047DE9B /* ListCharacters.xib in Resources */ = {isa = PBXBuildFile; fileRef = ED6F61492451000D0047DE9B /* ListCharacters.xib */; };
		ED6F614D245100550047DE9B /* NavigationController.swift in Sources */ = {isa = PBXBuildFile; fileRef = ED6F614C245100550047DE9B /* NavigationController.swift */; };
		ED6F614F245100C40047DE9B /* NavigationController.xib in Resources */ = {isa = PBXBuildFile; fileRef = ED6F614E245100C40047DE9B /* NavigationController.xib */; };
		ED6F6151245106330047DE9B /* SceneDelegate.swift in Sources */ = {isa = PBXBuildFile; fileRef = ED6F6150245106330047DE9B /* SceneDelegate.swift */; };
		ED6F615424510AEF0047DE9B /* CharactersListCell.swift in Sources */ = {isa = PBXBuildFile; fileRef = ED6F615324510AEF0047DE9B /* CharactersListCell.swift */; };
		ED6F615624510C410047DE9B /* ListCharactersInteractor.swift in Sources */ = {isa = PBXBuildFile; fileRef = ED6F615524510C410047DE9B /* ListCharactersInteractor.swift */; };
		ED6F615924510E3A0047DE9B /* ConnectorRequests.swift in Sources */ = {isa = PBXBuildFile; fileRef = ED6F615824510E3A0047DE9B /* ConnectorRequests.swift */; };
/* End PBXBuildFile section */

/* Begin PBXFileReference section */
		ED3DEB512451ADB900B349B9 /* String+CryptHelper.swift */ = {isa = PBXFileReference; lastKnownFileType = sourcecode.swift; path = "String+CryptHelper.swift"; sourceTree = "<group>"; };
		ED3DEB542451BBF500B349B9 /* Models.swift */ = {isa = PBXFileReference; lastKnownFileType = sourcecode.swift; path = Models.swift; sourceTree = "<group>"; };
		ED3DEB562451CD8A00B349B9 /* ListCharactersPresenter.swift */ = {isa = PBXFileReference; lastKnownFileType = sourcecode.swift; path = ListCharactersPresenter.swift; sourceTree = "<group>"; };
		ED3DEB582451D52500B349B9 /* CharactersListCell.xib */ = {isa = PBXFileReference; lastKnownFileType = file.xib; path = CharactersListCell.xib; sourceTree = "<group>"; };
		ED3DEB5D2451EE9900B349B9 /* DetailsCharacterViewController.swift */ = {isa = PBXFileReference; lastKnownFileType = sourcecode.swift; path = DetailsCharacterViewController.swift; sourceTree = "<group>"; };
		ED3DEB5F2451EEA500B349B9 /* DetailsCharacterInteractor.swift */ = {isa = PBXFileReference; lastKnownFileType = sourcecode.swift; path = DetailsCharacterInteractor.swift; sourceTree = "<group>"; };
		ED3DEB612451EEB500B349B9 /* DetailsCharacterPresenter.swift */ = {isa = PBXFileReference; lastKnownFileType = sourcecode.swift; path = DetailsCharacterPresenter.swift; sourceTree = "<group>"; };
		ED3DEB632451EED100B349B9 /* DetailsCharacter.xib */ = {isa = PBXFileReference; lastKnownFileType = file.xib; path = DetailsCharacter.xib; sourceTree = "<group>"; };
		ED6F612F2450FCF90047DE9B /* TesteMarvel.app */ = {isa = PBXFileReference; explicitFileType = wrapper.application; includeInIndex = 0; name = TesteMarvel.app; path = "/Users/fernando/Desktop/Pasta Sem Título/Marvel/TesteMarvel/build/Debug-iphoneos/TesteMarvel.app"; sourceTree = "<absolute>"; };
		ED6F61322450FCF90047DE9B /* AppDelegate.swift */ = {isa = PBXFileReference; lastKnownFileType = sourcecode.swift; path = AppDelegate.swift; sourceTree = "<group>"; };
		ED6F613B2450FCFA0047DE9B /* Assets.xcassets */ = {isa = PBXFileReference; lastKnownFileType = folder.assetcatalog; path = Assets.xcassets; sourceTree = "<group>"; };
		ED6F613E2450FCFA0047DE9B /* Base */ = {isa = PBXFileReference; lastKnownFileType = file.storyboard; name = Base; path = Base.lproj/LaunchScreen.storyboard; sourceTree = "<group>"; };
		ED6F61402450FCFA0047DE9B /* Info.plist */ = {isa = PBXFileReference; lastKnownFileType = text.plist.xml; path = Info.plist; sourceTree = "<group>"; };
		ED6F61472450FFF60047DE9B /* ListCharactersViewController.swift */ = {isa = PBXFileReference; lastKnownFileType = sourcecode.swift; path = ListCharactersViewController.swift; sourceTree = "<group>"; };
		ED6F61492451000D0047DE9B /* ListCharacters.xib */ = {isa = PBXFileReference; lastKnownFileType = file.xib; path = ListCharacters.xib; sourceTree = "<group>"; };
		ED6F614C245100550047DE9B /* NavigationController.swift */ = {isa = PBXFileReference; lastKnownFileType = sourcecode.swift; path = NavigationController.swift; sourceTree = "<group>"; };
		ED6F614E245100C40047DE9B /* NavigationController.xib */ = {isa = PBXFileReference; lastKnownFileType = file.xib; path = NavigationController.xib; sourceTree = "<group>"; };
		ED6F6150245106330047DE9B /* SceneDelegate.swift */ = {isa = PBXFileReference; fileEncoding = 4; lastKnownFileType = sourcecode.swift; path = SceneDelegate.swift; sourceTree = "<group>"; };
		ED6F615324510AEF0047DE9B /* CharactersListCell.swift */ = {isa = PBXFileReference; lastKnownFileType = sourcecode.swift; path = CharactersListCell.swift; sourceTree = "<group>"; };
		ED6F615524510C410047DE9B /* ListCharactersInteractor.swift */ = {isa = PBXFileReference; lastKnownFileType = sourcecode.swift; path = ListCharactersInteractor.swift; sourceTree = "<group>"; };
		ED6F615824510E3A0047DE9B /* ConnectorRequests.swift */ = {isa = PBXFileReference; lastKnownFileType = sourcecode.swift; path = ConnectorRequests.swift; sourceTree = "<group>"; };
/* End PBXFileReference section */

/* Begin PBXFrameworksBuildPhase section */
		ED6F612C2450FCF90047DE9B /* Frameworks */ = {
			isa = PBXFrameworksBuildPhase;
			buildActionMask = 2147483647;
			files = (
			);
			runOnlyForDeploymentPostprocessing = 0;
		};
/* End PBXFrameworksBuildPhase section */

/* Begin PBXGroup section */
		ED3DEB5C2451EE5500B349B9 /* DetailsCharacter */ = {
			isa = PBXGroup;
			children = (
				ED3DEB5D2451EE9900B349B9 /* DetailsCharacterViewController.swift */,
				ED3DEB5F2451EEA500B349B9 /* DetailsCharacterInteractor.swift */,
				ED3DEB612451EEB500B349B9 /* DetailsCharacterPresenter.swift */,
				ED3DEB632451EED100B349B9 /* DetailsCharacter.xib */,
			);
			path = DetailsCharacter;
			sourceTree = "<group>";
		};
		ED6F61262450FCF90047DE9B = {
			isa = PBXGroup;
			children = (
				ED6F61312450FCF90047DE9B /* TesteMarvel */,
			);
			sourceTree = "<group>";
		};
		ED6F61312450FCF90047DE9B /* TesteMarvel */ = {
			isa = PBXGroup;
			children = (
				ED3DEB542451BBF500B349B9 /* Models.swift */,
				ED6F615724510C4B0047DE9B /* Connector */,
				ED6F614B2451003F0047DE9B /* Navigation */,
				ED6F61462450FD830047DE9B /* ListCharacters */,
				ED3DEB5C2451EE5500B349B9 /* DetailsCharacter */,
				ED6F61322450FCF90047DE9B /* AppDelegate.swift */,
				ED6F6150245106330047DE9B /* SceneDelegate.swift */,
				ED6F613B2450FCFA0047DE9B /* Assets.xcassets */,
				ED6F613D2450FCFA0047DE9B /* LaunchScreen.storyboard */,
				ED6F61402450FCFA0047DE9B /* Info.plist */,
			);
			path = TesteMarvel;
			sourceTree = "<group>";
		};
		ED6F61462450FD830047DE9B /* ListCharacters */ = {
			isa = PBXGroup;
			children = (
				ED6F615224510AD00047DE9B /* cells */,
				ED6F61472450FFF60047DE9B /* ListCharactersViewController.swift */,
				ED6F61492451000D0047DE9B /* ListCharacters.xib */,
				ED6F615524510C410047DE9B /* ListCharactersInteractor.swift */,
				ED3DEB562451CD8A00B349B9 /* ListCharactersPresenter.swift */,
			);
			path = ListCharacters;
			sourceTree = "<group>";
		};
		ED6F614B2451003F0047DE9B /* Navigation */ = {
			isa = PBXGroup;
			children = (
				ED6F614C245100550047DE9B /* NavigationController.swift */,
				ED6F614E245100C40047DE9B /* NavigationController.xib */,
			);
			path = Navigation;
			sourceTree = "<group>";
		};
		ED6F615224510AD00047DE9B /* cells */ = {
			isa = PBXGroup;
			children = (
				ED6F615324510AEF0047DE9B /* CharactersListCell.swift */,
				ED3DEB582451D52500B349B9 /* CharactersListCell.xib */,
			);
			path = cells;
			sourceTree = "<group>";
		};
		ED6F615724510C4B0047DE9B /* Connector */ = {
			isa = PBXGroup;
			children = (
				ED6F615824510E3A0047DE9B /* ConnectorRequests.swift */,
				ED3DEB512451ADB900B349B9 /* String+CryptHelper.swift */,
			);
			path = Connector;
			sourceTree = "<group>";
		};
/* End PBXGroup section */

/* Begin PBXNativeTarget section */
		ED6F612E2450FCF90047DE9B /* TesteMarvel */ = {
			isa = PBXNativeTarget;
			buildConfigurationList = ED6F61432450FCFA0047DE9B /* Build configuration list for PBXNativeTarget "TesteMarvel" */;
			buildPhases = (
				ED6F612B2450FCF90047DE9B /* Sources */,
				ED6F612C2450FCF90047DE9B /* Frameworks */,
				ED6F612D2450FCF90047DE9B /* Resources */,
			);
			buildRules = (
			);
			dependencies = (
			);
			name = TesteMarvel;
			productName = TesteMarvel;
			productReference = ED6F612F2450FCF90047DE9B /* TesteMarvel.app */;
			productType = "com.apple.product-type.application";
		};
/* End PBXNativeTarget section */

/* Begin PBXProject section */
		ED6F61272450FCF90047DE9B /* Project object */ = {
			isa = PBXProject;
			attributes = {
				LastSwiftUpdateCheck = 1130;
				LastUpgradeCheck = 1130;
				ORGANIZATIONNAME = "Fernando Duarte";
				TargetAttributes = {
					ED6F612E2450FCF90047DE9B = {
						CreatedOnToolsVersion = 11.3.1;
					};
				};
			};
			buildConfigurationList = ED6F612A2450FCF90047DE9B /* Build configuration list for PBXProject "TesteMarvel" */;
			compatibilityVersion = "Xcode 9.3";
			developmentRegion = en;
			hasScannedForEncodings = 0;
			knownRegions = (
				en,
				Base,
			);
			mainGroup = ED6F61262450FCF90047DE9B;
			productRefGroup = ED6F61262450FCF90047DE9B;
			projectDirPath = "";
			projectRoot = "";
			targets = (
				ED6F612E2450FCF90047DE9B /* TesteMarvel */,
			);
		};
/* End PBXProject section */

/* Begin PBXResourcesBuildPhase section */
		ED6F612D2450FCF90047DE9B /* Resources */ = {
			isa = PBXResourcesBuildPhase;
			buildActionMask = 2147483647;
			files = (
				ED3DEB642451EED100B349B9 /* DetailsCharacter.xib in Resources */,
				ED3DEB592451D52500B349B9 /* CharactersListCell.xib in Resources */,
				ED6F613F2450FCFA0047DE9B /* LaunchScreen.storyboard in Resources */,
				ED6F613C2450FCFA0047DE9B /* Assets.xcassets in Resources */,
				ED6F614F245100C40047DE9B /* NavigationController.xib in Resources */,
				ED6F614A2451000D0047DE9B /* ListCharacters.xib in Resources */,
			);
			runOnlyForDeploymentPostprocessing = 0;
		};
/* End PBXResourcesBuildPhase section */

/* Begin PBXSourcesBuildPhase section */
		ED6F612B2450FCF90047DE9B /* Sources */ = {
			isa = PBXSourcesBuildPhase;
			buildActionMask = 2147483647;
			files = (
				ED6F6151245106330047DE9B /* SceneDelegate.swift in Sources */,
				ED3DEB5E2451EE9900B349B9 /* DetailsCharacterViewController.swift in Sources */,
				ED6F615924510E3A0047DE9B /* ConnectorRequests.swift in Sources */,
				ED6F615424510AEF0047DE9B /* CharactersListCell.swift in Sources */,
				ED3DEB622451EEB500B349B9 /* DetailsCharacterPresenter.swift in Sources */,
				ED6F615624510C410047DE9B /* ListCharactersInteractor.swift in Sources */,
				ED3DEB602451EEA500B349B9 /* DetailsCharacterInteractor.swift in Sources */,
				ED6F614D245100550047DE9B /* NavigationController.swift in Sources */,
				ED3DEB572451CD8A00B349B9 /* ListCharactersPresenter.swift in Sources */,
				ED6F61482450FFF60047DE9B /* ListCharactersViewController.swift in Sources */,
				ED6F61332450FCF90047DE9B /* AppDelegate.swift in Sources */,
				ED3DEB522451ADB900B349B9 /* String+CryptHelper.swift in Sources */,
				ED3DEB552451BBF500B349B9 /* Models.swift in Sources */,
			);
			runOnlyForDeploymentPostprocessing = 0;
		};
/* End PBXSourcesBuildPhase section */

/* Begin PBXVariantGroup section */
		ED6F613D2450FCFA0047DE9B /* LaunchScreen.storyboard */ = {
			isa = PBXVariantGroup;
			children = (
				ED6F613E2450FCFA0047DE9B /* Base */,
			);
			name = LaunchScreen.storyboard;
			sourceTree = "<group>";
		};
/* End PBXVariantGroup section */

/* Begin XCBuildConfiguration section */
		ED6F61412450FCFA0047DE9B /* Debug */ = {
			isa = XCBuildConfiguration;
			buildSettings = {
				ALWAYS_SEARCH_USER_PATHS = NO;
				CLANG_ANALYZER_NONNULL = YES;
				CLANG_ANALYZER_NUMBER_OBJECT_CONVERSION = YES_AGGRESSIVE;
				CLANG_CXX_LANGUAGE_STANDARD = "gnu++14";
				CLANG_CXX_LIBRARY = "libc++";
				CLANG_ENABLE_MODULES = YES;
				CLANG_ENABLE_OBJC_ARC = YES;
				CLANG_ENABLE_OBJC_WEAK = YES;
				CLANG_WARN_BLOCK_CAPTURE_AUTORELEASING = YES;
				CLANG_WARN_BOOL_CONVERSION = YES;
				CLANG_WARN_COMMA = YES;
				CLANG_WARN_CONSTANT_CONVERSION = YES;
				CLANG_WARN_DEPRECATED_OBJC_IMPLEMENTATIONS = YES;
				CLANG_WARN_DIRECT_OBJC_ISA_USAGE = YES_ERROR;
				CLANG_WARN_DOCUMENTATION_COMMENTS = YES;
				CLANG_WARN_EMPTY_BODY = YES;
				CLANG_WARN_ENUM_CONVERSION = YES;
				CLANG_WARN_INFINITE_RECURSION = YES;
				CLANG_WARN_INT_CONVERSION = YES;
				CLANG_WARN_NON_LITERAL_NULL_CONVERSION = YES;
				CLANG_WARN_OBJC_IMPLICIT_RETAIN_SELF = YES;
				CLANG_WARN_OBJC_LITERAL_CONVERSION = YES;
				CLANG_WARN_OBJC_ROOT_CLASS = YES_ERROR;
				CLANG_WARN_RANGE_LOOP_ANALYSIS = YES;
				CLANG_WARN_STRICT_PROTOTYPES = YES;
				CLANG_WARN_SUSPICIOUS_MOVE = YES;
				CLANG_WARN_UNGUARDED_AVAILABILITY = YES_AGGRESSIVE;
				CLANG_WARN_UNREACHABLE_CODE = YES;
				CLANG_WARN__DUPLICATE_METHOD_MATCH = YES;
				COPY_PHASE_STRIP = NO;
				DEBUG_INFORMATION_FORMAT = dwarf;
				ENABLE_STRICT_OBJC_MSGSEND = YES;
				ENABLE_TESTABILITY = YES;
				GCC_C_LANGUAGE_STANDARD = gnu11;
				GCC_DYNAMIC_NO_PIC = NO;
				GCC_NO_COMMON_BLOCKS = YES;
				GCC_OPTIMIZATION_LEVEL = 0;
				GCC_PREPROCESSOR_DEFINITIONS = (
					"DEBUG=1",
					"$(inherited)",
				);
				GCC_WARN_64_TO_32_BIT_CONVERSION = YES;
				GCC_WARN_ABOUT_RETURN_TYPE = YES_ERROR;
				GCC_WARN_UNDECLARED_SELECTOR = YES;
				GCC_WARN_UNINITIALIZED_AUTOS = YES_AGGRESSIVE;
				GCC_WARN_UNUSED_FUNCTION = YES;
				GCC_WARN_UNUSED_VARIABLE = YES;
				IPHONEOS_DEPLOYMENT_TARGET = 13.2;
				MTL_ENABLE_DEBUG_INFO = INCLUDE_SOURCE;
				MTL_FAST_MATH = YES;
				ONLY_ACTIVE_ARCH = YES;
				SDKROOT = iphoneos;
				SWIFT_ACTIVE_COMPILATION_CONDITIONS = DEBUG;
				SWIFT_OPTIMIZATION_LEVEL = "-Onone";
			};
			name = Debug;
		};
		ED6F61422450FCFA0047DE9B /* Release */ = {
			isa = XCBuildConfiguration;
			buildSettings = {
				ALWAYS_SEARCH_USER_PATHS = NO;
				CLANG_ANALYZER_NONNULL = YES;
				CLANG_ANALYZER_NUMBER_OBJECT_CONVERSION = YES_AGGRESSIVE;
				CLANG_CXX_LANGUAGE_STANDARD = "gnu++14";
				CLANG_CXX_LIBRARY = "libc++";
				CLANG_ENABLE_MODULES = YES;
				CLANG_ENABLE_OBJC_ARC = YES;
				CLANG_ENABLE_OBJC_WEAK = YES;
				CLANG_WARN_BLOCK_CAPTURE_AUTORELEASING = YES;
				CLANG_WARN_BOOL_CONVERSION = YES;
				CLANG_WARN_COMMA = YES;
				CLANG_WARN_CONSTANT_CONVERSION = YES;
				CLANG_WARN_DEPRECATED_OBJC_IMPLEMENTATIONS = YES;
				CLANG_WARN_DIRECT_OBJC_ISA_USAGE = YES_ERROR;
				CLANG_WARN_DOCUMENTATION_COMMENTS = YES;
				CLANG_WARN_EMPTY_BODY = YES;
				CLANG_WARN_ENUM_CONVERSION = YES;
				CLANG_WARN_INFINITE_RECURSION = YES;
				CLANG_WARN_INT_CONVERSION = YES;
				CLANG_WARN_NON_LITERAL_NULL_CONVERSION = YES;
				CLANG_WARN_OBJC_IMPLICIT_RETAIN_SELF = YES;
				CLANG_WARN_OBJC_LITERAL_CONVERSION = YES;
				CLANG_WARN_OBJC_ROOT_CLASS = YES_ERROR;
				CLANG_WARN_RANGE_LOOP_ANALYSIS = YES;
				CLANG_WARN_STRICT_PROTOTYPES = YES;
				CLANG_WARN_SUSPICIOUS_MOVE = YES;
				CLANG_WARN_UNGUARDED_AVAILABILITY = YES_AGGRESSIVE;
				CLANG_WARN_UNREACHABLE_CODE = YES;
				CLANG_WARN__DUPLICATE_METHOD_MATCH = YES;
				COPY_PHASE_STRIP = NO;
				DEBUG_INFORMATION_FORMAT = "dwarf-with-dsym";
				ENABLE_NS_ASSERTIONS = NO;
				ENABLE_STRICT_OBJC_MSGSEND = YES;
				GCC_C_LANGUAGE_STANDARD = gnu11;
				GCC_NO_COMMON_BLOCKS = YES;
				GCC_WARN_64_TO_32_BIT_CONVERSION = YES;
				GCC_WARN_ABOUT_RETURN_TYPE = YES_ERROR;
				GCC_WARN_UNDECLARED_SELECTOR = YES;
				GCC_WARN_UNINITIALIZED_AUTOS = YES_AGGRESSIVE;
				GCC_WARN_UNUSED_FUNCTION = YES;
				GCC_WARN_UNUSED_VARIABLE = YES;
				IPHONEOS_DEPLOYMENT_TARGET = 13.2;
				MTL_ENABLE_DEBUG_INFO = NO;
				MTL_FAST_MATH = YES;
				SDKROOT = iphoneos;
				SWIFT_COMPILATION_MODE = wholemodule;
				SWIFT_OPTIMIZATION_LEVEL = "-O";
				VALIDATE_PRODUCT = YES;
			};
			name = Release;
		};
		ED6F61442450FCFA0047DE9B /* Debug */ = {
			isa = XCBuildConfiguration;
			buildSettings = {
				ASSETCATALOG_COMPILER_APPICON_NAME = AppIcon;
				CODE_SIGN_STYLE = Automatic;
				DEVELOPMENT_TEAM = KL9859L967;
				INFOPLIST_FILE = TesteMarvel/Info.plist;
				IPHONEOS_DEPLOYMENT_TARGET = 13.0;
				LD_RUNPATH_SEARCH_PATHS = (
					"$(inherited)",
					"@executable_path/Frameworks",
				);
				PRODUCT_BUNDLE_IDENTIFIER = fernando.TesteMarvel;
				PRODUCT_NAME = "$(TARGET_NAME)";
				SWIFT_VERSION = 5.0;
				TARGETED_DEVICE_FAMILY = "1,2";
			};
			name = Debug;
		};
		ED6F61452450FCFA0047DE9B /* Release */ = {
			isa = XCBuildConfiguration;
			buildSettings = {
				ASSETCATALOG_COMPILER_APPICON_NAME = AppIcon;
				CODE_SIGN_STYLE = Automatic;
				DEVELOPMENT_TEAM = KL9859L967;
				INFOPLIST_FILE = TesteMarvel/Info.plist;
				IPHONEOS_DEPLOYMENT_TARGET = 13.0;
				LD_RUNPATH_SEARCH_PATHS = (
					"$(inherited)",
					"@executable_path/Frameworks",
				);
				PRODUCT_BUNDLE_IDENTIFIER = fernando.TesteMarvel;
				PRODUCT_NAME = "$(TARGET_NAME)";
				SWIFT_VERSION = 5.0;
				TARGETED_DEVICE_FAMILY = "1,2";
			};
			name = Release;
		};
/* End XCBuildConfiguration section */

/* Begin XCConfigurationList section */
		ED6F612A2450FCF90047DE9B /* Build configuration list for PBXProject "TesteMarvel" */ = {
			isa = XCConfigurationList;
			buildConfigurations = (
				ED6F61412450FCFA0047DE9B /* Debug */,
				ED6F61422450FCFA0047DE9B /* Release */,
			);
			defaultConfigurationIsVisible = 0;
			defaultConfigurationName = Release;
		};
		ED6F61432450FCFA0047DE9B /* Build configuration list for PBXNativeTarget "TesteMarvel" */ = {
			isa = XCConfigurationList;
			buildConfigurations = (
				ED6F61442450FCFA0047DE9B /* Debug */,
				ED6F61452450FCFA0047DE9B /* Release */,
			);
			defaultConfigurationIsVisible = 0;
			defaultConfigurationName = Release;
		};
/* End XCConfigurationList section */
	};
	rootObject = ED6F61272450FCF90047DE9B /* Project object */;
}
